
Microsoft Visual Studio Solution File, Format Version 12.00
# Visual Studio 15
VisualStudioVersion = 15.0.27703.2000
MinimumVisualStudioVersion = 10.0.40219.1
Project("{FAE04EC0-301F-11D3-BF4B-00C04F79EFBC}") = "Generics", "Generics\Generics.csproj", "{D524594C-054A-4599-B08E-3CBB9995D0B4}"
EndProject
Project("{FAE04EC0-301F-11D3-BF4B-00C04F79EFBC}") = "Delegates", "Delegates\Delegates.csproj", "{BDEBDC95-71B4-4A26-BF60-3B194B7EF6D6}"
EndProject
Project("{FAE04EC0-301F-11D3-BF4B-00C04F79EFBC}") = "LambdaExpressions", "LambdaExpressions\LambdaExpressions.csproj", "{AC602FA0-C0DE-417F-87F2-7B225C3BA87B}"
EndProject
Project("{FAE04EC0-301F-11D3-BF4B-00C04F79EFBC}") = "Events", "Events\Events.csproj", "{A2726962-1C27-4576-95E4-D5053F21CA4D}"
EndProject
Project("{FAE04EC0-301F-11D3-BF4B-00C04F79EFBC}") = "ExtensionMethods", "ExtensionMethods\ExtensionMethods.csproj", "{3BAE8B12-6EDD-4DA9-8882-1A591330CDD1}"
EndProject
Project("{FAE04EC0-301F-11D3-BF4B-00C04F79EFBC}") = "Linq", "Linq\Linq.csproj", "{6E373980-C457-4464-98DB-3BA1AFC36E0A}"
EndProject
Project("{FAE04EC0-301F-11D3-BF4B-00C04F79EFBC}") = "NullableTypes", "NullableTypes\NullableTypes.csproj", "{A7C0E0D4-B97F-49D6-A74D-C0C551F69610}"
EndProject
Project("{FAE04EC0-301F-11D3-BF4B-00C04F79EFBC}") = "Dynamics", "Dynamics\Dynamics.csproj", "{72C077A2-8A11-4492-9A31-A2F7BB8DACF6}"
EndProject
Project("{FAE04EC0-301F-11D3-BF4B-00C04F79EFBC}") = "ExceptionHandling", "ExceptionHandling\ExceptionHandling.csproj", "{5DF2C07C-8A49-4B73-9480-A591D67503F0}"
EndProject
Project("{FAE04EC0-301F-11D3-BF4B-00C04F79EFBC}") = "AsynchronousProgramming", "AsynchronousProgramming\AsynchronousProgramming.csproj", "{E8B9B61D-330A-4A58-B43B-B302918CFC23}"
EndProject
Global
	GlobalSection(SolutionConfigurationPlatforms) = preSolution
		Debug|Any CPU = Debug|Any CPU
		Release|Any CPU = Release|Any CPU
	EndGlobalSection
	GlobalSection(ProjectConfigurationPlatforms) = postSolution
		{D524594C-054A-4599-B08E-3CBB9995D0B4}.Debug|Any CPU.ActiveCfg = Debug|Any CPU
		{D524594C-054A-4599-B08E-3CBB9995D0B4}.Debug|Any CPU.Build.0 = Debug|Any CPU
		{D524594C-054A-4599-B08E-3CBB9995D0B4}.Release|Any CPU.ActiveCfg = Release|Any CPU
		{D524594C-054A-4599-B08E-3CBB9995D0B4}.Release|Any CPU.Build.0 = Release|Any CPU
		{BDEBDC95-71B4-4A26-BF60-3B194B7EF6D6}.Debug|Any CPU.ActiveCfg = Debug|Any CPU
		{BDEBDC95-71B4-4A26-BF60-3B194B7EF6D6}.Debug|Any CPU.Build.0 = Debug|Any CPU
		{BDEBDC95-71B4-4A26-BF60-3B194B7EF6D6}.Release|Any CPU.ActiveCfg = Release|Any CPU
		{BDEBDC95-71B4-4A26-BF60-3B194B7EF6D6}.Release|Any CPU.Build.0 = Release|Any CPU
		{AC602FA0-C0DE-417F-87F2-7B225C3BA87B}.Debug|Any CPU.ActiveCfg = Debug|Any CPU
		{AC602FA0-C0DE-417F-87F2-7B225C3BA87B}.Debug|Any CPU.Build.0 = Debug|Any CPU
		{AC602FA0-C0DE-417F-87F2-7B225C3BA87B}.Release|Any CPU.ActiveCfg = Release|Any CPU
		{AC602FA0-C0DE-417F-87F2-7B225C3BA87B}.Release|Any CPU.Build.0 = Release|Any CPU
		{A2726962-1C27-4576-95E4-D5053F21CA4D}.Debug|Any CPU.ActiveCfg = Debug|Any CPU
		{A2726962-1C27-4576-95E4-D5053F21CA4D}.Debug|Any CPU.Build.0 = Debug|Any CPU
		{A2726962-1C27-4576-95E4-D5053F21CA4D}.Release|Any CPU.ActiveCfg = Release|Any CPU
		{A2726962-1C27-4576-95E4-D5053F21CA4D}.Release|Any CPU.Build.0 = Release|Any CPU
		{3BAE8B12-6EDD-4DA9-8882-1A591330CDD1}.Debug|Any CPU.ActiveCfg = Debug|Any CPU
		{3BAE8B12-6EDD-4DA9-8882-1A591330CDD1}.Debug|Any CPU.Build.0 = Debug|Any CPU
		{3BAE8B12-6EDD-4DA9-8882-1A591330CDD1}.Release|Any CPU.ActiveCfg = Release|Any CPU
		{3BAE8B12-6EDD-4DA9-8882-1A591330CDD1}.Release|Any CPU.Build.0 = Release|Any CPU
		{6E373980-C457-4464-98DB-3BA1AFC36E0A}.Debug|Any CPU.ActiveCfg = Debug|Any CPU
		{6E373980-C457-4464-98DB-3BA1AFC36E0A}.Debug|Any CPU.Build.0 = Debug|Any CPU
		{6E373980-C457-4464-98DB-3BA1AFC36E0A}.Release|Any CPU.ActiveCfg = Release|Any CPU
		{6E373980-C457-4464-98DB-3BA1AFC36E0A}.Release|Any CPU.Build.0 = Release|Any CPU
		{A7C0E0D4-B97F-49D6-A74D-C0C551F69610}.Debug|Any CPU.ActiveCfg = Debug|Any CPU
		{A7C0E0D4-B97F-49D6-A74D-C0C551F69610}.Debug|Any CPU.Build.0 = Debug|Any CPU
		{A7C0E0D4-B97F-49D6-A74D-C0C551F69610}.Release|Any CPU.ActiveCfg = Release|Any CPU
		{A7C0E0D4-B97F-49D6-A74D-C0C551F69610}.Release|Any CPU.Build.0 = Release|Any CPU
		{72C077A2-8A11-4492-9A31-A2F7BB8DACF6}.Debug|Any CPU.ActiveCfg = Debug|Any CPU
		{72C077A2-8A11-4492-9A31-A2F7BB8DACF6}.Debug|Any CPU.Build.0 = Debug|Any CPU
		{72C077A2-8A11-4492-9A31-A2F7BB8DACF6}.Release|Any CPU.ActiveCfg = Release|Any CPU
		{72C077A2-8A11-4492-9A31-A2F7BB8DACF6}.Release|Any CPU.Build.0 = Release|Any CPU
		{5DF2C07C-8A49-4B73-9480-A591D67503F0}.Debug|Any CPU.ActiveCfg = Debug|Any CPU
		{5DF2C07C-8A49-4B73-9480-A591D67503F0}.Debug|Any CPU.Build.0 = Debug|Any CPU
		{5DF2C07C-8A49-4B73-9480-A591D67503F0}.Release|Any CPU.ActiveCfg = Release|Any CPU
		{5DF2C07C-8A49-4B73-9480-A591D67503F0}.Release|Any CPU.Build.0 = Release|Any CPU
		{E8B9B61D-330A-4A58-B43B-B302918CFC23}.Debug|Any CPU.ActiveCfg = Debug|Any CPU
		{E8B9B61D-330A-4A58-B43B-B302918CFC23}.Debug|Any CPU.Build.0 = Debug|Any CPU
		{E8B9B61D-330A-4A58-B43B-B302918CFC23}.Release|Any CPU.ActiveCfg = Release|Any CPU
		{E8B9B61D-330A-4A58-B43B-B302918CFC23}.Release|Any CPU.Build.0 = Release|Any CPU
	EndGlobalSection
	GlobalSection(SolutionProperties) = preSolution
		HideSolutionNode = FALSE
	EndGlobalSection
	GlobalSection(ExtensibilityGlobals) = postSolution
		SolutionGuid = {B44A8FA1-986F-455C-8790-D006B971836B}
	EndGlobalSection
EndGlobal
